
Microsoft Visual Studio Solution File, Format Version 12.00
# Visual Studio Version 17
VisualStudioVersion = 17.4.33205.214
MinimumVisualStudioVersion = 10.0.40219.1
Project("{FAE04EC0-301F-11D3-BF4B-00C04F79EFBC}") = "ConsoleApp", "ConsoleApp\ConsoleApp.csproj", "{7DA7ECC2-22DA-46A5-A0D5-E790C0EF3B8D}"
EndProject
Global
	GlobalSection(SolutionConfigurationPlatforms) = preSolution
		Debug|Any CPU = Debug|Any CPU
		Release|Any CPU = Release|Any CPU
	EndGlobalSection
	GlobalSection(ProjectConfigurationPlatforms) = postSolution
		{7DA7ECC2-22DA-46A5-A0D5-E790C0EF3B8D}.Debug|Any CPU.ActiveCfg = Debug|Any CPU
		{7DA7ECC2-22DA-46A5-A0D5-E790C0EF3B8D}.Debug|Any CPU.Build.0 = Debug|Any CPU
		{7DA7ECC2-22DA-46A5-A0D5-E790C0EF3B8D}.Release|Any CPU.ActiveCfg = Release|Any CPU
		{7DA7ECC2-22DA-46A5-A0D5-E790C0EF3B8D}.Release|Any CPU.Build.0 = Release|Any CPU
	EndGlobalSection
	GlobalSection(SolutionProperties) = preSolution
		HideSolutionNode = FALSE
	EndGlobalSection
	GlobalSection(ExtensibilityGlobals) = postSolution
		SolutionGuid = {7BA696DE-B6E9-4D28-996C-755CE432AACF}
	EndGlobalSection
EndGlobal
